// !$*UTF8*$!
{
	archiveVersion = 1;
	classes = {
	};
	objectVersion = 46;
	objects = {

/* Begin PBXBuildFile section */
		198EE6901B40F728001A7BF2 /* AppDelegate.swift in Sources */ = {isa = PBXBuildFile; fileRef = 198EE68F1B40F728001A7BF2 /* AppDelegate.swift */; };
		198EE6921B40F728001A7BF2 /* Images.xcassets in Resources */ = {isa = PBXBuildFile; fileRef = 198EE6911B40F728001A7BF2 /* Images.xcassets */; };
		198EE6951B40F728001A7BF2 /* MainMenu.xib in Resources */ = {isa = PBXBuildFile; fileRef = 198EE6931B40F728001A7BF2 /* MainMenu.xib */; };
		198EE6A11B40F728001A7BF2 /* XGuardianTests.swift in Sources */ = {isa = PBXBuildFile; fileRef = 198EE6A01B40F728001A7BF2 /* XGuardianTests.swift */; };
/* End PBXBuildFile section */

/* Begin PBXContainerItemProxy section */
		198EE69B1B40F728001A7BF2 /* PBXContainerItemProxy */ = {
			isa = PBXContainerItemProxy;
			containerPortal = 198EE6821B40F728001A7BF2 /* Project object */;
			proxyType = 1;
			remoteGlobalIDString = 198EE6891B40F728001A7BF2;
			remoteInfo = XGuardian;
		};
/* End PBXContainerItemProxy section */

/* Begin PBXFileReference section */
		198EE68A1B40F728001A7BF2 /* XGuardian.app */ = {isa = PBXFileReference; explicitFileType = wrapper.application; includeInIndex = 0; path = XGuardian.app; sourceTree = BUILT_PRODUCTS_DIR; };
		198EE68E1B40F728001A7BF2 /* Info.plist */ = {isa = PBXFileReference; lastKnownFileType = text.plist.xml; path = Info.plist; sourceTree = "<group>"; };
		198EE68F1B40F728001A7BF2 /* AppDelegate.swift */ = {isa = PBXFileReference; lastKnownFileType = sourcecode.swift; path = AppDelegate.swift; sourceTree = "<group>"; };
		198EE6911B40F728001A7BF2 /* Images.xcassets */ = {isa = PBXFileReference; lastKnownFileType = folder.assetcatalog; path = Images.xcassets; sourceTree = "<group>"; };
		198EE6941B40F728001A7BF2 /* Base */ = {isa = PBXFileReference; lastKnownFileType = file.xib; name = Base; path = Base.lproj/MainMenu.xib; sourceTree = "<group>"; };
		198EE69A1B40F728001A7BF2 /* XGuardianTests.xctest */ = {isa = PBXFileReference; explicitFileType = wrapper.cfbundle; includeInIndex = 0; path = XGuardianTests.xctest; sourceTree = BUILT_PRODUCTS_DIR; };
		198EE69F1B40F728001A7BF2 /* Info.plist */ = {isa = PBXFileReference; lastKnownFileType = text.plist.xml; path = Info.plist; sourceTree = "<group>"; };
		198EE6A01B40F728001A7BF2 /* XGuardianTests.swift */ = {isa = PBXFileReference; lastKnownFileType = sourcecode.swift; path = XGuardianTests.swift; sourceTree = "<group>"; };
/* End PBXFileReference section */

/* Begin PBXFrameworksBuildPhase section */
		198EE6871B40F728001A7BF2 /* Frameworks */ = {
			isa = PBXFrameworksBuildPhase;
			buildActionMask = 2147483647;
			files = (
			);
			runOnlyForDeploymentPostprocessing = 0;
		};
		198EE6971B40F728001A7BF2 /* Frameworks */ = {
			isa = PBXFrameworksBuildPhase;
			buildActionMask = 2147483647;
			files = (
			);
			runOnlyForDeploymentPostprocessing = 0;
		};
/* End PBXFrameworksBuildPhase section */

/* Begin PBXGroup section */
		198EE6811B40F728001A7BF2 = {
			isa = PBXGroup;
			children = (
				198EE68C1B40F728001A7BF2 /* XGuardian */,
				198EE69D1B40F728001A7BF2 /* XGuardianTests */,
				198EE68B1B40F728001A7BF2 /* Products */,
			);
			sourceTree = "<group>";
		};
		198EE68B1B40F728001A7BF2 /* Products */ = {
			isa = PBXGroup;
			children = (
				198EE68A1B40F728001A7BF2 /* XGuardian.app */,
				198EE69A1B40F728001A7BF2 /* XGuardianTests.xctest */,
			);
			name = Products;
			sourceTree = "<group>";
		};
		198EE68C1B40F728001A7BF2 /* XGuardian */ = {
			isa = PBXGroup;
			children = (
				198EE68F1B40F728001A7BF2 /* AppDelegate.swift */,
				198EE6911B40F728001A7BF2 /* Images.xcassets */,
				198EE6931B40F728001A7BF2 /* MainMenu.xib */,
				198EE68D1B40F728001A7BF2 /* Supporting Files */,
			);
			path = XGuardian;
			sourceTree = "<group>";
		};
		198EE68D1B40F728001A7BF2 /* Supporting Files */ = {
			isa = PBXGroup;
			children = (
				198EE68E1B40F728001A7BF2 /* Info.plist */,
			);
			name = "Supporting Files";
			sourceTree = "<group>";
		};
		198EE69D1B40F728001A7BF2 /* XGuardianTests */ = {
			isa = PBXGroup;
			children = (
				198EE6A01B40F728001A7BF2 /* XGuardianTests.swift */,
				198EE69E1B40F728001A7BF2 /* Supporting Files */,
			);
			path = XGuardianTests;
			sourceTree = "<group>";
		};
		198EE69E1B40F728001A7BF2 /* Supporting Files */ = {
			isa = PBXGroup;
			children = (
				198EE69F1B40F728001A7BF2 /* Info.plist */,
			);
			name = "Supporting Files";
			sourceTree = "<group>";
		};
/* End PBXGroup section */

/* Begin PBXNativeTarget section */
		198EE6891B40F728001A7BF2 /* XGuardian */ = {
			isa = PBXNativeTarget;
			buildConfigurationList = 198EE6A41B40F728001A7BF2 /* Build configuration list for PBXNativeTarget "XGuardian" */;
			buildPhases = (
				198EE6861B40F728001A7BF2 /* Sources */,
				198EE6871B40F728001A7BF2 /* Frameworks */,
				198EE6881B40F728001A7BF2 /* Resources */,
			);
			buildRules = (
			);
			dependencies = (
			);
			name = XGuardian;
			productName = XGuardian;
			productReference = 198EE68A1B40F728001A7BF2 /* XGuardian.app */;
			productType = "com.apple.product-type.application";
		};
		198EE6991B40F728001A7BF2 /* XGuardianTests */ = {
			isa = PBXNativeTarget;
			buildConfigurationList = 198EE6A71B40F728001A7BF2 /* Build configuration list for PBXNativeTarget "XGuardianTests" */;
			buildPhases = (
				198EE6961B40F728001A7BF2 /* Sources */,
				198EE6971B40F728001A7BF2 /* Frameworks */,
				198EE6981B40F728001A7BF2 /* Resources */,
			);
			buildRules = (
			);
			dependencies = (
				198EE69C1B40F728001A7BF2 /* PBXTargetDependency */,
			);
			name = XGuardianTests;
			productName = XGuardianTests;
			productReference = 198EE69A1B40F728001A7BF2 /* XGuardianTests.xctest */;
			productType = "com.apple.product-type.bundle.unit-test";
		};
/* End PBXNativeTarget section */

/* Begin PBXProject section */
		198EE6821B40F728001A7BF2 /* Project object */ = {
			isa = PBXProject;
			attributes = {
				LastUpgradeCheck = 0630;
				ORGANIZATIONNAME = "杭州网蛙科技";
				TargetAttributes = {
					198EE6891B40F728001A7BF2 = {
						CreatedOnToolsVersion = 6.3.2;
					};
					198EE6991B40F728001A7BF2 = {
						CreatedOnToolsVersion = 6.3.2;
						TestTargetID = 198EE6891B40F728001A7BF2;
					};
				};
			};
			buildConfigurationList = 198EE6851B40F728001A7BF2 /* Build configuration list for PBXProject "XGuardian" */;
			compatibilityVersion = "Xcode 3.2";
			developmentRegion = English;
			hasScannedForEncodings = 0;
			knownRegions = (
				en,
				Base,
			);
			mainGroup = 198EE6811B40F728001A7BF2;
			productRefGroup = 198EE68B1B40F728001A7BF2 /* Products */;
			projectDirPath = "";
			projectRoot = "";
			targets = (
				198EE6891B40F728001A7BF2 /* XGuardian */,
				198EE6991B40F728001A7BF2 /* XGuardianTests */,
			);
		};
/* End PBXProject section */

/* Begin PBXResourcesBuildPhase section */
		198EE6881B40F728001A7BF2 /* Resources */ = {
			isa = PBXResourcesBuildPhase;
			buildActionMask = 2147483647;
			files = (
				198EE6921B40F728001A7BF2 /* Images.xcassets in Resources */,
				198EE6951B40F728001A7BF2 /* MainMenu.xib in Resources */,
			);
			runOnlyForDeploymentPostprocessing = 0;
		};
		198EE6981B40F728001A7BF2 /* Resources */ = {
			isa = PBXResourcesBuildPhase;
			buildActionMask = 2147483647;
			files = (
			);
			runOnlyForDeploymentPostprocessing = 0;
		};
/* End PBXResourcesBuildPhase section */

/* Begin PBXSourcesBuildPhase section */
		198EE6861B40F728001A7BF2 /* Sources */ = {
			isa = PBXSourcesBuildPhase;
			buildActionMask = 2147483647;
			files = (
				198EE6901B40F728001A7BF2 /* AppDelegate.swift in Sources */,
			);
			runOnlyForDeploymentPostprocessing = 0;
		};
		198EE6961B40F728001A7BF2 /* Sources */ = {
			isa = PBXSourcesBuildPhase;
			buildActionMask = 2147483647;
			files = (
				198EE6A11B40F728001A7BF2 /* XGuardianTests.swift in Sources */,
			);
			runOnlyForDeploymentPostprocessing = 0;
		};
/* End PBXSourcesBuildPhase section */

/* Begin PBXTargetDependency section */
		198EE69C1B40F728001A7BF2 /* PBXTargetDependency */ = {
			isa = PBXTargetDependency;
			target = 198EE6891B40F728001A7BF2 /* XGuardian */;
			targetProxy = 198EE69B1B40F728001A7BF2 /* PBXContainerItemProxy */;
		};
/* End PBXTargetDependency section */

/* Begin PBXVariantGroup section */
		198EE6931B40F728001A7BF2 /* MainMenu.xib */ = {
			isa = PBXVariantGroup;
			children = (
				198EE6941B40F728001A7BF2 /* Base */,
			);
			name = MainMenu.xib;
			sourceTree = "<group>";
		};
/* End PBXVariantGroup section */

/* Begin XCBuildConfiguration section */
		198EE6A21B40F728001A7BF2 /* Debug */ = {
			isa = XCBuildConfiguration;
			buildSettings = {
				ALWAYS_SEARCH_USER_PATHS = NO;
				CLANG_CXX_LANGUAGE_STANDARD = "gnu++0x";
				CLANG_CXX_LIBRARY = "libc++";
				CLANG_ENABLE_MODULES = YES;
				CLANG_ENABLE_OBJC_ARC = YES;
				CLANG_WARN_BOOL_CONVERSION = YES;
				CLANG_WARN_CONSTANT_CONVERSION = YES;
				CLANG_WARN_DIRECT_OBJC_ISA_USAGE = YES_ERROR;
				CLANG_WARN_EMPTY_BODY = YES;
				CLANG_WARN_ENUM_CONVERSION = YES;
				CLANG_WARN_INT_CONVERSION = YES;
				CLANG_WARN_OBJC_ROOT_CLASS = YES_ERROR;
				CLANG_WARN_UNREACHABLE_CODE = YES;
				CLANG_WARN__DUPLICATE_METHOD_MATCH = YES;
				CODE_SIGN_IDENTITY = "-";
				COPY_PHASE_STRIP = NO;
				DEBUG_INFORMATION_FORMAT = dwarf;
				ENABLE_STRICT_OBJC_MSGSEND = YES;
				GCC_C_LANGUAGE_STANDARD = gnu99;
				GCC_DYNAMIC_NO_PIC = NO;
				GCC_NO_COMMON_BLOCKS = YES;
				GCC_OPTIMIZATION_LEVEL = 0;
				GCC_PREPROCESSOR_DEFINITIONS = (
					"DEBUG=1",
					"$(inherited)",
				);
				GCC_SYMBOLS_PRIVATE_EXTERN = NO;
				GCC_WARN_64_TO_32_BIT_CONVERSION = YES;
				GCC_WARN_ABOUT_RETURN_TYPE = YES_ERROR;
				GCC_WARN_UNDECLARED_SELECTOR = YES;
				GCC_WARN_UNINITIALIZED_AUTOS = YES_AGGRESSIVE;
				GCC_WARN_UNUSED_FUNCTION = YES;
				GCC_WARN_UNUSED_VARIABLE = YES;
				MACOSX_DEPLOYMENT_TARGET = 10.10;
				MTL_ENABLE_DEBUG_INFO = YES;
				ONLY_ACTIVE_ARCH = YES;
				SDKROOT = macosx;
				SWIFT_OPTIMIZATION_LEVEL = "-Onone";
			};
			name = Debug;
		};
		198EE6A31B40F728001A7BF2 /* Release */ = {
			isa = XCBuildConfiguration;
			buildSettings = {
				ALWAYS_SEARCH_USER_PATHS = NO;
				CLANG_CXX_LANGUAGE_STANDARD = "gnu++0x";
				CLANG_CXX_LIBRARY = "libc++";
				CLANG_ENABLE_MODULES = YES;
				CLANG_ENABLE_OBJC_ARC = YES;
				CLANG_WARN_BOOL_CONVERSION = YES;
				CLANG_WARN_CONSTANT_CONVERSION = YES;
				CLANG_WARN_DIRECT_OBJC_ISA_USAGE = YES_ERROR;
				CLANG_WARN_EMPTY_BODY = YES;
				CLANG_WARN_ENUM_CONVERSION = YES;
				CLANG_WARN_INT_CONVERSION = YES;
				CLANG_WARN_OBJC_ROOT_CLASS = YES_ERROR;
				CLANG_WARN_UNREACHABLE_CODE = YES;
				CLANG_WARN__DUPLICATE_METHOD_MATCH = YES;
				CODE_SIGN_IDENTITY = "-";
				COPY_PHASE_STRIP = NO;
				DEBUG_INFORMATION_FORMAT = "dwarf-with-dsym";
				ENABLE_NS_ASSERTIONS = NO;
				ENABLE_STRICT_OBJC_MSGSEND = YES;
				GCC_C_LANGUAGE_STANDARD = gnu99;
				GCC_NO_COMMON_BLOCKS = YES;
				GCC_WARN_64_TO_32_BIT_CONVERSION = YES;
				GCC_WARN_ABOUT_RETURN_TYPE = YES_ERROR;
				GCC_WARN_UNDECLARED_SELECTOR = YES;
				GCC_WARN_UNINITIALIZED_AUTOS = YES_AGGRESSIVE;
				GCC_WARN_UNUSED_FUNCTION = YES;
				GCC_WARN_UNUSED_VARIABLE = YES;
				MACOSX_DEPLOYMENT_TARGET = 10.10;
				MTL_ENABLE_DEBUG_INFO = NO;
				SDKROOT = macosx;
			};
			name = Release;
		};
		198EE6A51B40F728001A7BF2 /* Debug */ = {
			isa = XCBuildConfiguration;
			buildSettings = {
				ASSETCATALOG_COMPILER_APPICON_NAME = AppIcon;
				COMBINE_HIDPI_IMAGES = YES;
				INFOPLIST_FILE = XGuardian/Info.plist;
				LD_RUNPATH_SEARCH_PATHS = "$(inherited) @executable_path/../Frameworks";
				PRODUCT_NAME = "$(TARGET_NAME)";
			};
			name = Debug;
		};
		198EE6A61B40F728001A7BF2 /* Release */ = {
			isa = XCBuildConfiguration;
			buildSettings = {
				ASSETCATALOG_COMPILER_APPICON_NAME = AppIcon;
				COMBINE_HIDPI_IMAGES = YES;
				INFOPLIST_FILE = XGuardian/Info.plist;
				LD_RUNPATH_SEARCH_PATHS = "$(inherited) @executable_path/../Frameworks";
				PRODUCT_NAME = "$(TARGET_NAME)";
			};
			name = Release;
		};
		198EE6A81B40F728001A7BF2 /* Debug */ = {
			isa = XCBuildConfiguration;
			buildSettings = {
				BUNDLE_LOADER = "$(TEST_HOST)";
				COMBINE_HIDPI_IMAGES = YES;
				FRAMEWORK_SEARCH_PATHS = (
					"$(DEVELOPER_FRAMEWORKS_DIR)",
					"$(inherited)",
				);
				GCC_PREPROCESSOR_DEFINITIONS = (
					"DEBUG=1",
					"$(inherited)",
				);
				INFOPLIST_FILE = XGuardianTests/Info.plist;
				LD_RUNPATH_SEARCH_PATHS = "$(inherited) @executable_path/../Frameworks @loader_path/../Frameworks";
				PRODUCT_NAME = "$(TARGET_NAME)";
				TEST_HOST = "$(BUILT_PRODUCTS_DIR)/XGuardian.app/Contents/MacOS/XGuardian";
			};
			name = Debug;
		};
		198EE6A91B40F728001A7BF2 /* Release */ = {
			isa = XCBuildConfiguration;
			buildSettings = {
				BUNDLE_LOADER = "$(TEST_HOST)";
				COMBINE_HIDPI_IMAGES = YES;
				FRAMEWORK_SEARCH_PATHS = (
					"$(DEVELOPER_FRAMEWORKS_DIR)",
					"$(inherited)",
				);
				INFOPLIST_FILE = XGuardianTests/Info.plist;
				LD_RUNPATH_SEARCH_PATHS = "$(inherited) @executable_path/../Frameworks @loader_path/../Frameworks";
				PRODUCT_NAME = "$(TARGET_NAME)";
				TEST_HOST = "$(BUILT_PRODUCTS_DIR)/XGuardian.app/Contents/MacOS/XGuardian";
			};
			name = Release;
		};
/* End XCBuildConfiguration section */

/* Begin XCConfigurationList section */
		198EE6851B40F728001A7BF2 /* Build configuration list for PBXProject "XGuardian" */ = {
			isa = XCConfigurationList;
			buildConfigurations = (
				198EE6A21B40F728001A7BF2 /* Debug */,
				198EE6A31B40F728001A7BF2 /* Release */,
			);
			defaultConfigurationIsVisible = 0;
			defaultConfigurationName = Release;
		};
		198EE6A41B40F728001A7BF2 /* Build configuration list for PBXNativeTarget "XGuardian" */ = {
			isa = XCConfigurationList;
			buildConfigurations = (
				198EE6A51B40F728001A7BF2 /* Debug */,
				198EE6A61B40F728001A7BF2 /* Release */,
			);
			defaultConfigurationIsVisible = 0;
		};
		198EE6A71B40F728001A7BF2 /* Build configuration list for PBXNativeTarget "XGuardianTests" */ = {
			isa = XCConfigurationList;
			buildConfigurations = (
				198EE6A81B40F728001A7BF2 /* Debug */,
				198EE6A91B40F728001A7BF2 /* Release */,
			);
			defaultConfigurationIsVisible = 0;
		};
/* End XCConfigurationList section */
	};
	rootObject = 198EE6821B40F728001A7BF2 /* Project object */;
}
