// !$*UTF8*$!
{
	archiveVersion = 1;
	classes = {
	};
	objectVersion = 46;
	objects = {

/* Begin PBXBuildFile section */
		1934F43D1B443EAA00B0F3D7 /* UpdateWindow.xib in Resources */ = {isa = PBXBuildFile; fileRef = 1934F43C1B443EAA00B0F3D7 /* UpdateWindow.xib */; };
		1934F4431B44427400B0F3D7 /* XGUpdatePanel.swift in Sources */ = {isa = PBXBuildFile; fileRef = 1934F4421B44427400B0F3D7 /* XGUpdatePanel.swift */; };
		194D0E041B41855200A62650 /* XGHijackListView.swift in Sources */ = {isa = PBXBuildFile; fileRef = 194D0E031B41855200A62650 /* XGHijackListView.swift */; };
		195625561B4BBF25009EAD8E /* XGKeychainHijackDetailsCell.swift in Sources */ = {isa = PBXBuildFile; fileRef = 195625551B4BBF25009EAD8E /* XGKeychainHijackDetailsCell.swift */; };
		19750DA01B4A7EED0089F467 /* XGMainViewController.swift in Sources */ = {isa = PBXBuildFile; fileRef = 19750D9F1B4A7EED0089F467 /* XGMainViewController.swift */; };
		198EE6901B40F728001A7BF2 /* AppDelegate.swift in Sources */ = {isa = PBXBuildFile; fileRef = 198EE68F1B40F728001A7BF2 /* AppDelegate.swift */; };
		198EE6921B40F728001A7BF2 /* Images.xcassets in Resources */ = {isa = PBXBuildFile; fileRef = 198EE6911B40F728001A7BF2 /* Images.xcassets */; };
		198EE6951B40F728001A7BF2 /* MainMenu.xib in Resources */ = {isa = PBXBuildFile; fileRef = 198EE6931B40F728001A7BF2 /* MainMenu.xib */; };
		198EE6A11B40F728001A7BF2 /* XGuardianTests.swift in Sources */ = {isa = PBXBuildFile; fileRef = 198EE6A01B40F728001A7BF2 /* XGuardianTests.swift */; };
		198EE6C01B40F9D3001A7BF2 /* CXKeychainHelper.m in Sources */ = {isa = PBXBuildFile; fileRef = 198EE6BF1B40F9D3001A7BF2 /* CXKeychainHelper.m */; };
		198EE6C41B40F9E4001A7BF2 /* KeychainSwiftAPI.swift in Sources */ = {isa = PBXBuildFile; fileRef = 198EE6C11B40F9E4001A7BF2 /* KeychainSwiftAPI.swift */; };
		198EE6C51B40F9E4001A7BF2 /* XGKeychainObserver.m in Sources */ = {isa = PBXBuildFile; fileRef = 198EE6C31B40F9E4001A7BF2 /* XGKeychainObserver.m */; };
		198EE6F51B40FADA001A7BF2 /* XGSecurityItem.swift in Sources */ = {isa = PBXBuildFile; fileRef = 198EE6F41B40FADA001A7BF2 /* XGSecurityItem.swift */; };
		198EE6F71B40FB01001A7BF2 /* XGKeyChain.swift in Sources */ = {isa = PBXBuildFile; fileRef = 198EE6F61B40FB01001A7BF2 /* XGKeyChain.swift */; };
		198EE6F91B40FB09001A7BF2 /* XGSecurityItemSet.swift in Sources */ = {isa = PBXBuildFile; fileRef = 198EE6F81B40FB09001A7BF2 /* XGSecurityItemSet.swift */; };
		198EE6FB1B410E48001A7BF2 /* HijackView.xib in Resources */ = {isa = PBXBuildFile; fileRef = 198EE6FA1B410E48001A7BF2 /* HijackView.xib */; };
		198EE6FD1B410EAD001A7BF2 /* XGHijackView.swift in Sources */ = {isa = PBXBuildFile; fileRef = 198EE6FC1B410EAD001A7BF2 /* XGHijackView.swift */; };
		198EE6FF1B412D63001A7BF2 /* KeychainView.xib in Resources */ = {isa = PBXBuildFile; fileRef = 198EE6FE1B412D63001A7BF2 /* KeychainView.xib */; };
		198EE7021B413059001A7BF2 /* XGKeychainView.swift in Sources */ = {isa = PBXBuildFile; fileRef = 198EE7011B413059001A7BF2 /* XGKeychainView.swift */; };
		198EE7041B424EBC001A7BF2 /* XGHijackListCell.swift in Sources */ = {isa = PBXBuildFile; fileRef = 198EE7031B424EBC001A7BF2 /* XGHijackListCell.swift */; };
		19927C761B4B6A5500FF0619 /* XGThreatsView.swift in Sources */ = {isa = PBXBuildFile; fileRef = 19927C751B4B6A5500FF0619 /* XGThreatsView.swift */; };
		19927C791B4B6DA100FF0619 /* KeychainHijackDetailsView.xib in Resources */ = {isa = PBXBuildFile; fileRef = 19927C781B4B6DA100FF0619 /* KeychainHijackDetailsView.xib */; };
		19927C7B1B4B735A00FF0619 /* XGKeychainHijackDetailsView.swift in Sources */ = {isa = PBXBuildFile; fileRef = 19927C7A1B4B735A00FF0619 /* XGKeychainHijackDetailsView.swift */; };
		19927C7D1B4B760700FF0619 /* XGThreatsViewController.swift in Sources */ = {isa = PBXBuildFile; fileRef = 19927C7C1B4B760700FF0619 /* XGThreatsViewController.swift */; };
		19A241BF1B4823F200890B93 /* XGHijackListAppCell.swift in Sources */ = {isa = PBXBuildFile; fileRef = 19A241BE1B4823F200890B93 /* XGHijackListAppCell.swift */; };
		19BC414C1B4409D5009AF853 /* XGBackend.swift in Sources */ = {isa = PBXBuildFile; fileRef = 19BC414B1B4409D5009AF853 /* XGBackend.swift */; };
		19FC85271B4ACC1A00D3AC9D /* ThreatsView.xib in Resources */ = {isa = PBXBuildFile; fileRef = 19FC85261B4ACC1A00D3AC9D /* ThreatsView.xib */; };
		C20938C61892D0ACBC8FE1CF /* Pods.framework in Frameworks */ = {isa = PBXBuildFile; fileRef = F6A6CE876F90E31416DD60E9 /* Pods.framework */; settings = {ATTRIBUTES = (Weak, ); }; };
/* End PBXBuildFile section */

/* Begin PBXContainerItemProxy section */
		198EE69B1B40F728001A7BF2 /* PBXContainerItemProxy */ = {
			isa = PBXContainerItemProxy;
			containerPortal = 198EE6821B40F728001A7BF2 /* Project object */;
			proxyType = 1;
			remoteGlobalIDString = 198EE6891B40F728001A7BF2;
			remoteInfo = XGuardian;
		};
/* End PBXContainerItemProxy section */

/* Begin PBXFileReference section */
		1583F91FBE70D81D96260E9C /* Pods.release.xcconfig */ = {isa = PBXFileReference; includeInIndex = 1; lastKnownFileType = text.xcconfig; name = Pods.release.xcconfig; path = "Pods/Target Support Files/Pods/Pods.release.xcconfig"; sourceTree = "<group>"; };
		1934F43C1B443EAA00B0F3D7 /* UpdateWindow.xib */ = {isa = PBXFileReference; fileEncoding = 4; lastKnownFileType = file.xib; path = UpdateWindow.xib; sourceTree = "<group>"; };
		1934F4421B44427400B0F3D7 /* XGUpdatePanel.swift */ = {isa = PBXFileReference; fileEncoding = 4; lastKnownFileType = sourcecode.swift; path = XGUpdatePanel.swift; sourceTree = "<group>"; };
		194D0E031B41855200A62650 /* XGHijackListView.swift */ = {isa = PBXFileReference; fileEncoding = 4; lastKnownFileType = sourcecode.swift; path = XGHijackListView.swift; sourceTree = "<group>"; };
		195625551B4BBF25009EAD8E /* XGKeychainHijackDetailsCell.swift */ = {isa = PBXFileReference; fileEncoding = 4; lastKnownFileType = sourcecode.swift; path = XGKeychainHijackDetailsCell.swift; sourceTree = "<group>"; };
		19750D9F1B4A7EED0089F467 /* XGMainViewController.swift */ = {isa = PBXFileReference; fileEncoding = 4; lastKnownFileType = sourcecode.swift; path = XGMainViewController.swift; sourceTree = "<group>"; };
		198EE68A1B40F728001A7BF2 /* XGuardian.app */ = {isa = PBXFileReference; explicitFileType = wrapper.application; includeInIndex = 0; path = XGuardian.app; sourceTree = BUILT_PRODUCTS_DIR; };
		198EE68E1B40F728001A7BF2 /* Info.plist */ = {isa = PBXFileReference; lastKnownFileType = text.plist.xml; path = Info.plist; sourceTree = "<group>"; };
		198EE68F1B40F728001A7BF2 /* AppDelegate.swift */ = {isa = PBXFileReference; lastKnownFileType = sourcecode.swift; path = AppDelegate.swift; sourceTree = "<group>"; };
		198EE6911B40F728001A7BF2 /* Images.xcassets */ = {isa = PBXFileReference; lastKnownFileType = folder.assetcatalog; path = Images.xcassets; sourceTree = "<group>"; };
		198EE6941B40F728001A7BF2 /* Base */ = {isa = PBXFileReference; lastKnownFileType = file.xib; name = Base; path = Base.lproj/MainMenu.xib; sourceTree = "<group>"; };
		198EE69A1B40F728001A7BF2 /* XGuardianTests.xctest */ = {isa = PBXFileReference; explicitFileType = wrapper.cfbundle; includeInIndex = 0; path = XGuardianTests.xctest; sourceTree = BUILT_PRODUCTS_DIR; };
		198EE69F1B40F728001A7BF2 /* Info.plist */ = {isa = PBXFileReference; lastKnownFileType = text.plist.xml; path = Info.plist; sourceTree = "<group>"; };
		198EE6A01B40F728001A7BF2 /* XGuardianTests.swift */ = {isa = PBXFileReference; lastKnownFileType = sourcecode.swift; path = XGuardianTests.swift; sourceTree = "<group>"; };
		198EE6AA1B40F778001A7BF2 /* XGuardian-Bridging-Header.h */ = {isa = PBXFileReference; lastKnownFileType = sourcecode.c.h; path = "XGuardian-Bridging-Header.h"; sourceTree = "<group>"; };
		198EE6BE1B40F9D3001A7BF2 /* CXKeychainHelper.h */ = {isa = PBXFileReference; fileEncoding = 4; lastKnownFileType = sourcecode.c.h; name = CXKeychainHelper.h; path = XGuardian/CXKeychainHelper.h; sourceTree = "<group>"; };
		198EE6BF1B40F9D3001A7BF2 /* CXKeychainHelper.m */ = {isa = PBXFileReference; fileEncoding = 4; lastKnownFileType = sourcecode.c.objc; name = CXKeychainHelper.m; path = XGuardian/CXKeychainHelper.m; sourceTree = "<group>"; };
		198EE6C11B40F9E4001A7BF2 /* KeychainSwiftAPI.swift */ = {isa = PBXFileReference; fileEncoding = 4; lastKnownFileType = sourcecode.swift; name = KeychainSwiftAPI.swift; path = XGuardian/KeychainSwiftAPI.swift; sourceTree = "<group>"; };
		198EE6C21B40F9E4001A7BF2 /* XGKeychainObserver.h */ = {isa = PBXFileReference; fileEncoding = 4; lastKnownFileType = sourcecode.c.h; name = XGKeychainObserver.h; path = XGuardian/XGKeychainObserver.h; sourceTree = "<group>"; };
		198EE6C31B40F9E4001A7BF2 /* XGKeychainObserver.m */ = {isa = PBXFileReference; fileEncoding = 4; lastKnownFileType = sourcecode.c.objc; name = XGKeychainObserver.m; path = XGuardian/XGKeychainObserver.m; sourceTree = "<group>"; };
		198EE6F41B40FADA001A7BF2 /* XGSecurityItem.swift */ = {isa = PBXFileReference; fileEncoding = 4; lastKnownFileType = sourcecode.swift; name = XGSecurityItem.swift; path = XGuardian.xcodeproj/../XGuardian/XGSecurityItem.swift; sourceTree = "<group>"; };
		198EE6F61B40FB01001A7BF2 /* XGKeyChain.swift */ = {isa = PBXFileReference; fileEncoding = 4; lastKnownFileType = sourcecode.swift; name = XGKeyChain.swift; path = XGuardian/XGKeyChain.swift; sourceTree = "<group>"; };
		198EE6F81B40FB09001A7BF2 /* XGSecurityItemSet.swift */ = {isa = PBXFileReference; fileEncoding = 4; lastKnownFileType = sourcecode.swift; name = XGSecurityItemSet.swift; path = XGuardian/XGSecurityItemSet.swift; sourceTree = "<group>"; };
		198EE6FA1B410E48001A7BF2 /* HijackView.xib */ = {isa = PBXFileReference; fileEncoding = 4; lastKnownFileType = file.xib; path = HijackView.xib; sourceTree = "<group>"; };
		198EE6FC1B410EAD001A7BF2 /* XGHijackView.swift */ = {isa = PBXFileReference; fileEncoding = 4; lastKnownFileType = sourcecode.swift; path = XGHijackView.swift; sourceTree = "<group>"; };
		198EE6FE1B412D63001A7BF2 /* KeychainView.xib */ = {isa = PBXFileReference; fileEncoding = 4; lastKnownFileType = file.xib; path = KeychainView.xib; sourceTree = "<group>"; };
		198EE7011B413059001A7BF2 /* XGKeychainView.swift */ = {isa = PBXFileReference; fileEncoding = 4; lastKnownFileType = sourcecode.swift; path = XGKeychainView.swift; sourceTree = "<group>"; };
		198EE7031B424EBC001A7BF2 /* XGHijackListCell.swift */ = {isa = PBXFileReference; fileEncoding = 4; lastKnownFileType = sourcecode.swift; path = XGHijackListCell.swift; sourceTree = "<group>"; };
		19927C751B4B6A5500FF0619 /* XGThreatsView.swift */ = {isa = PBXFileReference; fileEncoding = 4; lastKnownFileType = sourcecode.swift; path = XGThreatsView.swift; sourceTree = "<group>"; };
		19927C781B4B6DA100FF0619 /* KeychainHijackDetailsView.xib */ = {isa = PBXFileReference; fileEncoding = 4; lastKnownFileType = file.xib; path = KeychainHijackDetailsView.xib; sourceTree = "<group>"; };
		19927C7A1B4B735A00FF0619 /* XGKeychainHijackDetailsView.swift */ = {isa = PBXFileReference; fileEncoding = 4; lastKnownFileType = sourcecode.swift; path = XGKeychainHijackDetailsView.swift; sourceTree = "<group>"; };
		19927C7C1B4B760700FF0619 /* XGThreatsViewController.swift */ = {isa = PBXFileReference; fileEncoding = 4; lastKnownFileType = sourcecode.swift; path = XGThreatsViewController.swift; sourceTree = "<group>"; };
		19A241BE1B4823F200890B93 /* XGHijackListAppCell.swift */ = {isa = PBXFileReference; fileEncoding = 4; lastKnownFileType = sourcecode.swift; path = XGHijackListAppCell.swift; sourceTree = "<group>"; };
		19BC414B1B4409D5009AF853 /* XGBackend.swift */ = {isa = PBXFileReference; fileEncoding = 4; lastKnownFileType = sourcecode.swift; path = XGBackend.swift; sourceTree = "<group>"; };
		19FC85261B4ACC1A00D3AC9D /* ThreatsView.xib */ = {isa = PBXFileReference; fileEncoding = 4; lastKnownFileType = file.xib; path = ThreatsView.xib; sourceTree = "<group>"; };
		C0EDF1BB52CAE8A7D14BBF21 /* Pods.debug.xcconfig */ = {isa = PBXFileReference; includeInIndex = 1; lastKnownFileType = text.xcconfig; name = Pods.debug.xcconfig; path = "Pods/Target Support Files/Pods/Pods.debug.xcconfig"; sourceTree = "<group>"; };
		F6A6CE876F90E31416DD60E9 /* Pods.framework */ = {isa = PBXFileReference; explicitFileType = wrapper.framework; includeInIndex = 0; path = Pods.framework; sourceTree = BUILT_PRODUCTS_DIR; };
/* End PBXFileReference section */

/* Begin PBXFrameworksBuildPhase section */
		198EE6871B40F728001A7BF2 /* Frameworks */ = {
			isa = PBXFrameworksBuildPhase;
			buildActionMask = 2147483647;
			files = (
				C20938C61892D0ACBC8FE1CF /* Pods.framework in Frameworks */,
			);
			runOnlyForDeploymentPostprocessing = 0;
		};
		198EE6971B40F728001A7BF2 /* Frameworks */ = {
			isa = PBXFrameworksBuildPhase;
			buildActionMask = 2147483647;
			files = (
			);
			runOnlyForDeploymentPostprocessing = 0;
		};
/* End PBXFrameworksBuildPhase section */

/* Begin PBXGroup section */
		1934F4461B444AAE00B0F3D7 /* update */ = {
			isa = PBXGroup;
			children = (
				19BC414B1B4409D5009AF853 /* XGBackend.swift */,
				1934F4421B44427400B0F3D7 /* XGUpdatePanel.swift */,
			);
			name = update;
			sourceTree = "<group>";
		};
		198EE6811B40F728001A7BF2 = {
			isa = PBXGroup;
			children = (
				198EE6AE1B40F7AE001A7BF2 /* KeychainAPI */,
				198EE68C1B40F728001A7BF2 /* XGuardian */,
				19927C771B4B6A6300FF0619 /* Views */,
				198EE7001B412D6E001A7BF2 /* Resources */,
				198EE69D1B40F728001A7BF2 /* XGuardianTests */,
				198EE68B1B40F728001A7BF2 /* Products */,
				8D3765460586C53AA94FC9D9 /* Pods */,
				CA2A79EA0EB91B09DCD1900E /* Frameworks */,
			);
			sourceTree = "<group>";
		};
		198EE68B1B40F728001A7BF2 /* Products */ = {
			isa = PBXGroup;
			children = (
				198EE68A1B40F728001A7BF2 /* XGuardian.app */,
				198EE69A1B40F728001A7BF2 /* XGuardianTests.xctest */,
			);
			name = Products;
			sourceTree = "<group>";
		};
		198EE68C1B40F728001A7BF2 /* XGuardian */ = {
			isa = PBXGroup;
			children = (
				198EE68F1B40F728001A7BF2 /* AppDelegate.swift */,
				19750D9F1B4A7EED0089F467 /* XGMainViewController.swift */,
				198EE68D1B40F728001A7BF2 /* Supporting Files */,
				198EE6AA1B40F778001A7BF2 /* XGuardian-Bridging-Header.h */,
				1934F4461B444AAE00B0F3D7 /* update */,
			);
			path = XGuardian;
			sourceTree = "<group>";
		};
		198EE68D1B40F728001A7BF2 /* Supporting Files */ = {
			isa = PBXGroup;
			children = (
				198EE68E1B40F728001A7BF2 /* Info.plist */,
			);
			name = "Supporting Files";
			sourceTree = "<group>";
		};
		198EE69D1B40F728001A7BF2 /* XGuardianTests */ = {
			isa = PBXGroup;
			children = (
				198EE6A01B40F728001A7BF2 /* XGuardianTests.swift */,
				198EE69E1B40F728001A7BF2 /* Supporting Files */,
			);
			path = XGuardianTests;
			sourceTree = "<group>";
		};
		198EE69E1B40F728001A7BF2 /* Supporting Files */ = {
			isa = PBXGroup;
			children = (
				198EE69F1B40F728001A7BF2 /* Info.plist */,
			);
			name = "Supporting Files";
			sourceTree = "<group>";
		};
		198EE6AE1B40F7AE001A7BF2 /* KeychainAPI */ = {
			isa = PBXGroup;
			children = (
				198EE6BE1B40F9D3001A7BF2 /* CXKeychainHelper.h */,
				198EE6BF1B40F9D3001A7BF2 /* CXKeychainHelper.m */,
				198EE6C11B40F9E4001A7BF2 /* KeychainSwiftAPI.swift */,
				198EE6F41B40FADA001A7BF2 /* XGSecurityItem.swift */,
				198EE6F81B40FB09001A7BF2 /* XGSecurityItemSet.swift */,
				198EE6F61B40FB01001A7BF2 /* XGKeyChain.swift */,
				198EE6C21B40F9E4001A7BF2 /* XGKeychainObserver.h */,
				198EE6C31B40F9E4001A7BF2 /* XGKeychainObserver.m */,
			);
			name = KeychainAPI;
			sourceTree = "<group>";
		};
		198EE7001B412D6E001A7BF2 /* Resources */ = {
			isa = PBXGroup;
			children = (
				198EE6931B40F728001A7BF2 /* MainMenu.xib */,
				19FC85261B4ACC1A00D3AC9D /* ThreatsView.xib */,
				19927C781B4B6DA100FF0619 /* KeychainHijackDetailsView.xib */,
				198EE6FA1B410E48001A7BF2 /* HijackView.xib */,
				198EE6FE1B412D63001A7BF2 /* KeychainView.xib */,
				1934F43C1B443EAA00B0F3D7 /* UpdateWindow.xib */,
				198EE6911B40F728001A7BF2 /* Images.xcassets */,
			);
			name = Resources;
			path = XGuardian;
			sourceTree = "<group>";
		};
		19927C771B4B6A6300FF0619 /* Views */ = {
			isa = PBXGroup;
			children = (
				198EE6FC1B410EAD001A7BF2 /* XGHijackView.swift */,
				194D0E031B41855200A62650 /* XGHijackListView.swift */,
				198EE7031B424EBC001A7BF2 /* XGHijackListCell.swift */,
				19A241BE1B4823F200890B93 /* XGHijackListAppCell.swift */,
				198EE7011B413059001A7BF2 /* XGKeychainView.swift */,
				195625551B4BBF25009EAD8E /* XGKeychainHijackDetailsCell.swift */,
				19927C7A1B4B735A00FF0619 /* XGKeychainHijackDetailsView.swift */,
				19927C751B4B6A5500FF0619 /* XGThreatsView.swift */,
				19927C7C1B4B760700FF0619 /* XGThreatsViewController.swift */,
			);
			name = Views;
			path = XGuardian;
			sourceTree = "<group>";
		};
		8D3765460586C53AA94FC9D9 /* Pods */ = {
			isa = PBXGroup;
			children = (
				C0EDF1BB52CAE8A7D14BBF21 /* Pods.debug.xcconfig */,
				1583F91FBE70D81D96260E9C /* Pods.release.xcconfig */,
			);
			name = Pods;
			sourceTree = "<group>";
		};
		CA2A79EA0EB91B09DCD1900E /* Frameworks */ = {
			isa = PBXGroup;
			children = (
				F6A6CE876F90E31416DD60E9 /* Pods.framework */,
			);
			name = Frameworks;
			sourceTree = "<group>";
		};
/* End PBXGroup section */

/* Begin PBXNativeTarget section */
		198EE6891B40F728001A7BF2 /* XGuardian */ = {
			isa = PBXNativeTarget;
			buildConfigurationList = 198EE6A41B40F728001A7BF2 /* Build configuration list for PBXNativeTarget "XGuardian" */;
			buildPhases = (
				60844BE3889BD7EFA5B228C4 /* Check Pods Manifest.lock */,
				198EE6861B40F728001A7BF2 /* Sources */,
				198EE6871B40F728001A7BF2 /* Frameworks */,
				198EE6881B40F728001A7BF2 /* Resources */,
				624AECF465752470D1A6086A /* Copy Pods Resources */,
				D8D3B7B7EA545EA0416E445B /* Embed Pods Frameworks */,
			);
			buildRules = (
			);
			dependencies = (
			);
			name = XGuardian;
			productName = XGuardian;
			productReference = 198EE68A1B40F728001A7BF2 /* XGuardian.app */;
			productType = "com.apple.product-type.application";
		};
		198EE6991B40F728001A7BF2 /* XGuardianTests */ = {
			isa = PBXNativeTarget;
			buildConfigurationList = 198EE6A71B40F728001A7BF2 /* Build configuration list for PBXNativeTarget "XGuardianTests" */;
			buildPhases = (
				198EE6961B40F728001A7BF2 /* Sources */,
				198EE6971B40F728001A7BF2 /* Frameworks */,
				198EE6981B40F728001A7BF2 /* Resources */,
			);
			buildRules = (
			);
			dependencies = (
				198EE69C1B40F728001A7BF2 /* PBXTargetDependency */,
			);
			name = XGuardianTests;
			productName = XGuardianTests;
			productReference = 198EE69A1B40F728001A7BF2 /* XGuardianTests.xctest */;
			productType = "com.apple.product-type.bundle.unit-test";
		};
/* End PBXNativeTarget section */

/* Begin PBXProject section */
		198EE6821B40F728001A7BF2 /* Project object */ = {
			isa = PBXProject;
			attributes = {
				LastUpgradeCheck = 0630;
				ORGANIZATIONNAME = "杭州网蛙科技";
				TargetAttributes = {
					198EE6891B40F728001A7BF2 = {
						CreatedOnToolsVersion = 6.3.2;
					};
					198EE6991B40F728001A7BF2 = {
						CreatedOnToolsVersion = 6.3.2;
						TestTargetID = 198EE6891B40F728001A7BF2;
					};
				};
			};
			buildConfigurationList = 198EE6851B40F728001A7BF2 /* Build configuration list for PBXProject "XGuardian" */;
			compatibilityVersion = "Xcode 3.2";
			developmentRegion = English;
			hasScannedForEncodings = 0;
			knownRegions = (
				en,
				Base,
			);
			mainGroup = 198EE6811B40F728001A7BF2;
			productRefGroup = 198EE68B1B40F728001A7BF2 /* Products */;
			projectDirPath = "";
			projectRoot = "";
			targets = (
				198EE6891B40F728001A7BF2 /* XGuardian */,
				198EE6991B40F728001A7BF2 /* XGuardianTests */,
			);
		};
/* End PBXProject section */

/* Begin PBXResourcesBuildPhase section */
		198EE6881B40F728001A7BF2 /* Resources */ = {
			isa = PBXResourcesBuildPhase;
			buildActionMask = 2147483647;
			files = (
				198EE6FF1B412D63001A7BF2 /* KeychainView.xib in Resources */,
				198EE6FB1B410E48001A7BF2 /* HijackView.xib in Resources */,
				198EE6921B40F728001A7BF2 /* Images.xcassets in Resources */,
				198EE6951B40F728001A7BF2 /* MainMenu.xib in Resources */,
				19FC85271B4ACC1A00D3AC9D /* ThreatsView.xib in Resources */,
				19927C791B4B6DA100FF0619 /* KeychainHijackDetailsView.xib in Resources */,
				1934F43D1B443EAA00B0F3D7 /* UpdateWindow.xib in Resources */,
			);
			runOnlyForDeploymentPostprocessing = 0;
		};
		198EE6981B40F728001A7BF2 /* Resources */ = {
			isa = PBXResourcesBuildPhase;
			buildActionMask = 2147483647;
			files = (
			);
			runOnlyForDeploymentPostprocessing = 0;
		};
/* End PBXResourcesBuildPhase section */

/* Begin PBXShellScriptBuildPhase section */
		60844BE3889BD7EFA5B228C4 /* Check Pods Manifest.lock */ = {
			isa = PBXShellScriptBuildPhase;
			buildActionMask = 2147483647;
			files = (
			);
			inputPaths = (
			);
			name = "Check Pods Manifest.lock";
			outputPaths = (
			);
			runOnlyForDeploymentPostprocessing = 0;
			shellPath = /bin/sh;
			shellScript = "diff \"${PODS_ROOT}/../Podfile.lock\" \"${PODS_ROOT}/Manifest.lock\" > /dev/null\nif [[ $? != 0 ]] ; then\n    cat << EOM\nerror: The sandbox is not in sync with the Podfile.lock. Run 'pod install' or update your CocoaPods installation.\nEOM\n    exit 1\nfi\n";
			showEnvVarsInLog = 0;
		};
		624AECF465752470D1A6086A /* Copy Pods Resources */ = {
			isa = PBXShellScriptBuildPhase;
			buildActionMask = 2147483647;
			files = (
			);
			inputPaths = (
			);
			name = "Copy Pods Resources";
			outputPaths = (
			);
			runOnlyForDeploymentPostprocessing = 0;
			shellPath = /bin/sh;
			shellScript = "\"${SRCROOT}/Pods/Target Support Files/Pods/Pods-resources.sh\"\n";
			showEnvVarsInLog = 0;
		};
		D8D3B7B7EA545EA0416E445B /* Embed Pods Frameworks */ = {
			isa = PBXShellScriptBuildPhase;
			buildActionMask = 2147483647;
			files = (
			);
			inputPaths = (
			);
			name = "Embed Pods Frameworks";
			outputPaths = (
			);
			runOnlyForDeploymentPostprocessing = 0;
			shellPath = /bin/sh;
			shellScript = "\"${SRCROOT}/Pods/Target Support Files/Pods/Pods-frameworks.sh\"\n";
			showEnvVarsInLog = 0;
		};
/* End PBXShellScriptBuildPhase section */

/* Begin PBXSourcesBuildPhase section */
		198EE6861B40F728001A7BF2 /* Sources */ = {
			isa = PBXSourcesBuildPhase;
			buildActionMask = 2147483647;
			files = (
				198EE6F91B40FB09001A7BF2 /* XGSecurityItemSet.swift in Sources */,
				19BC414C1B4409D5009AF853 /* XGBackend.swift in Sources */,
				19927C7B1B4B735A00FF0619 /* XGKeychainHijackDetailsView.swift in Sources */,
				19750DA01B4A7EED0089F467 /* XGMainViewController.swift in Sources */,
				19927C761B4B6A5500FF0619 /* XGThreatsView.swift in Sources */,
				198EE6FD1B410EAD001A7BF2 /* XGHijackView.swift in Sources */,
				1934F4431B44427400B0F3D7 /* XGUpdatePanel.swift in Sources */,
				198EE6F71B40FB01001A7BF2 /* XGKeyChain.swift in Sources */,
				194D0E041B41855200A62650 /* XGHijackListView.swift in Sources */,
				195625561B4BBF25009EAD8E /* XGKeychainHijackDetailsCell.swift in Sources */,
				198EE6C01B40F9D3001A7BF2 /* CXKeychainHelper.m in Sources */,
				198EE7021B413059001A7BF2 /* XGKeychainView.swift in Sources */,
				19927C7D1B4B760700FF0619 /* XGThreatsViewController.swift in Sources */,
				198EE6C41B40F9E4001A7BF2 /* KeychainSwiftAPI.swift in Sources */,
				198EE7041B424EBC001A7BF2 /* XGHijackListCell.swift in Sources */,
				19A241BF1B4823F200890B93 /* XGHijackListAppCell.swift in Sources */,
				198EE6C51B40F9E4001A7BF2 /* XGKeychainObserver.m in Sources */,
				198EE6F51B40FADA001A7BF2 /* XGSecurityItem.swift in Sources */,
				198EE6901B40F728001A7BF2 /* AppDelegate.swift in Sources */,
			);
			runOnlyForDeploymentPostprocessing = 0;
		};
		198EE6961B40F728001A7BF2 /* Sources */ = {
			isa = PBXSourcesBuildPhase;
			buildActionMask = 2147483647;
			files = (
				198EE6A11B40F728001A7BF2 /* XGuardianTests.swift in Sources */,
			);
			runOnlyForDeploymentPostprocessing = 0;
		};
/* End PBXSourcesBuildPhase section */

/* Begin PBXTargetDependency section */
		198EE69C1B40F728001A7BF2 /* PBXTargetDependency */ = {
			isa = PBXTargetDependency;
			target = 198EE6891B40F728001A7BF2 /* XGuardian */;
			targetProxy = 198EE69B1B40F728001A7BF2 /* PBXContainerItemProxy */;
		};
/* End PBXTargetDependency section */

/* Begin PBXVariantGroup section */
		198EE6931B40F728001A7BF2 /* MainMenu.xib */ = {
			isa = PBXVariantGroup;
			children = (
				198EE6941B40F728001A7BF2 /* Base */,
			);
			name = MainMenu.xib;
			sourceTree = "<group>";
		};
/* End PBXVariantGroup section */

/* Begin XCBuildConfiguration section */
		198EE6A21B40F728001A7BF2 /* Debug */ = {
			isa = XCBuildConfiguration;
			buildSettings = {
				ALWAYS_SEARCH_USER_PATHS = NO;
				CLANG_CXX_LANGUAGE_STANDARD = "gnu++0x";
				CLANG_CXX_LIBRARY = "libc++";
				CLANG_ENABLE_MODULES = YES;
				CLANG_ENABLE_OBJC_ARC = YES;
				CLANG_WARN_BOOL_CONVERSION = YES;
				CLANG_WARN_CONSTANT_CONVERSION = YES;
				CLANG_WARN_DIRECT_OBJC_ISA_USAGE = YES_ERROR;
				CLANG_WARN_EMPTY_BODY = YES;
				CLANG_WARN_ENUM_CONVERSION = YES;
				CLANG_WARN_INT_CONVERSION = YES;
				CLANG_WARN_OBJC_ROOT_CLASS = YES_ERROR;
				CLANG_WARN_UNREACHABLE_CODE = YES;
				CLANG_WARN__DUPLICATE_METHOD_MATCH = YES;
				CODE_SIGN_IDENTITY = "-";
				COPY_PHASE_STRIP = NO;
				DEBUG_INFORMATION_FORMAT = dwarf;
				ENABLE_STRICT_OBJC_MSGSEND = YES;
				GCC_C_LANGUAGE_STANDARD = gnu99;
				GCC_DYNAMIC_NO_PIC = NO;
				GCC_NO_COMMON_BLOCKS = YES;
				GCC_OPTIMIZATION_LEVEL = 0;
				GCC_PREPROCESSOR_DEFINITIONS = (
					"DEBUG=1",
					"$(inherited)",
				);
				GCC_SYMBOLS_PRIVATE_EXTERN = NO;
				GCC_WARN_64_TO_32_BIT_CONVERSION = YES;
				GCC_WARN_ABOUT_RETURN_TYPE = YES_ERROR;
				GCC_WARN_UNDECLARED_SELECTOR = YES;
				GCC_WARN_UNINITIALIZED_AUTOS = YES_AGGRESSIVE;
				GCC_WARN_UNUSED_FUNCTION = YES;
				GCC_WARN_UNUSED_VARIABLE = YES;
				MACOSX_DEPLOYMENT_TARGET = 10.10;
				MTL_ENABLE_DEBUG_INFO = YES;
				ONLY_ACTIVE_ARCH = YES;
				SDKROOT = macosx;
				SWIFT_OPTIMIZATION_LEVEL = "-Onone";
			};
			name = Debug;
		};
		198EE6A31B40F728001A7BF2 /* Release */ = {
			isa = XCBuildConfiguration;
			buildSettings = {
				ALWAYS_SEARCH_USER_PATHS = NO;
				CLANG_CXX_LANGUAGE_STANDARD = "gnu++0x";
				CLANG_CXX_LIBRARY = "libc++";
				CLANG_ENABLE_MODULES = YES;
				CLANG_ENABLE_OBJC_ARC = YES;
				CLANG_WARN_BOOL_CONVERSION = YES;
				CLANG_WARN_CONSTANT_CONVERSION = YES;
				CLANG_WARN_DIRECT_OBJC_ISA_USAGE = YES_ERROR;
				CLANG_WARN_EMPTY_BODY = YES;
				CLANG_WARN_ENUM_CONVERSION = YES;
				CLANG_WARN_INT_CONVERSION = YES;
				CLANG_WARN_OBJC_ROOT_CLASS = YES_ERROR;
				CLANG_WARN_UNREACHABLE_CODE = YES;
				CLANG_WARN__DUPLICATE_METHOD_MATCH = YES;
				CODE_SIGN_IDENTITY = "-";
				COPY_PHASE_STRIP = NO;
				DEBUG_INFORMATION_FORMAT = "dwarf-with-dsym";
				ENABLE_NS_ASSERTIONS = NO;
				ENABLE_STRICT_OBJC_MSGSEND = YES;
				GCC_C_LANGUAGE_STANDARD = gnu99;
				GCC_NO_COMMON_BLOCKS = YES;
				GCC_WARN_64_TO_32_BIT_CONVERSION = YES;
				GCC_WARN_ABOUT_RETURN_TYPE = YES_ERROR;
				GCC_WARN_UNDECLARED_SELECTOR = YES;
				GCC_WARN_UNINITIALIZED_AUTOS = YES_AGGRESSIVE;
				GCC_WARN_UNUSED_FUNCTION = YES;
				GCC_WARN_UNUSED_VARIABLE = YES;
				MACOSX_DEPLOYMENT_TARGET = 10.10;
				MTL_ENABLE_DEBUG_INFO = NO;
				SDKROOT = macosx;
			};
			name = Release;
		};
		198EE6A51B40F728001A7BF2 /* Debug */ = {
			isa = XCBuildConfiguration;
			baseConfigurationReference = C0EDF1BB52CAE8A7D14BBF21 /* Pods.debug.xcconfig */;
			buildSettings = {
				ASSETCATALOG_COMPILER_APPICON_NAME = AppIcon;
				CLANG_ENABLE_MODULES = YES;
				COMBINE_HIDPI_IMAGES = YES;
				INFOPLIST_FILE = XGuardian/Info.plist;
				LD_RUNPATH_SEARCH_PATHS = "$(inherited) @executable_path/../Frameworks";
				PRODUCT_NAME = "$(TARGET_NAME)";
				SWIFT_OBJC_BRIDGING_HEADER = "XGuardian/XGuardian-Bridging-Header.h";
				SWIFT_OPTIMIZATION_LEVEL = "-Onone";
			};
			name = Debug;
		};
		198EE6A61B40F728001A7BF2 /* Release */ = {
			isa = XCBuildConfiguration;
			baseConfigurationReference = 1583F91FBE70D81D96260E9C /* Pods.release.xcconfig */;
			buildSettings = {
				ASSETCATALOG_COMPILER_APPICON_NAME = AppIcon;
				CLANG_ENABLE_MODULES = YES;
				COMBINE_HIDPI_IMAGES = YES;
				INFOPLIST_FILE = XGuardian/Info.plist;
				LD_RUNPATH_SEARCH_PATHS = "$(inherited) @executable_path/../Frameworks";
				PRODUCT_NAME = "$(TARGET_NAME)";
				SWIFT_OBJC_BRIDGING_HEADER = "XGuardian/XGuardian-Bridging-Header.h";
			};
			name = Release;
		};
		198EE6A81B40F728001A7BF2 /* Debug */ = {
			isa = XCBuildConfiguration;
			buildSettings = {
				BUNDLE_LOADER = "$(TEST_HOST)";
				COMBINE_HIDPI_IMAGES = YES;
				FRAMEWORK_SEARCH_PATHS = (
					"$(DEVELOPER_FRAMEWORKS_DIR)",
					"$(inherited)",
				);
				GCC_PREPROCESSOR_DEFINITIONS = (
					"DEBUG=1",
					"$(inherited)",
				);
				INFOPLIST_FILE = XGuardianTests/Info.plist;
				LD_RUNPATH_SEARCH_PATHS = "$(inherited) @executable_path/../Frameworks @loader_path/../Frameworks";
				PRODUCT_NAME = "$(TARGET_NAME)";
				TEST_HOST = "$(BUILT_PRODUCTS_DIR)/XGuardian.app/Contents/MacOS/XGuardian";
			};
			name = Debug;
		};
		198EE6A91B40F728001A7BF2 /* Release */ = {
			isa = XCBuildConfiguration;
			buildSettings = {
				BUNDLE_LOADER = "$(TEST_HOST)";
				COMBINE_HIDPI_IMAGES = YES;
				FRAMEWORK_SEARCH_PATHS = (
					"$(DEVELOPER_FRAMEWORKS_DIR)",
					"$(inherited)",
				);
				INFOPLIST_FILE = XGuardianTests/Info.plist;
				LD_RUNPATH_SEARCH_PATHS = "$(inherited) @executable_path/../Frameworks @loader_path/../Frameworks";
				PRODUCT_NAME = "$(TARGET_NAME)";
				TEST_HOST = "$(BUILT_PRODUCTS_DIR)/XGuardian.app/Contents/MacOS/XGuardian";
			};
			name = Release;
		};
/* End XCBuildConfiguration section */

/* Begin XCConfigurationList section */
		198EE6851B40F728001A7BF2 /* Build configuration list for PBXProject "XGuardian" */ = {
			isa = XCConfigurationList;
			buildConfigurations = (
				198EE6A21B40F728001A7BF2 /* Debug */,
				198EE6A31B40F728001A7BF2 /* Release */,
			);
			defaultConfigurationIsVisible = 0;
			defaultConfigurationName = Release;
		};
		198EE6A41B40F728001A7BF2 /* Build configuration list for PBXNativeTarget "XGuardian" */ = {
			isa = XCConfigurationList;
			buildConfigurations = (
				198EE6A51B40F728001A7BF2 /* Debug */,
				198EE6A61B40F728001A7BF2 /* Release */,
			);
			defaultConfigurationIsVisible = 0;
			defaultConfigurationName = Release;
		};
		198EE6A71B40F728001A7BF2 /* Build configuration list for PBXNativeTarget "XGuardianTests" */ = {
			isa = XCConfigurationList;
			buildConfigurations = (
				198EE6A81B40F728001A7BF2 /* Debug */,
				198EE6A91B40F728001A7BF2 /* Release */,
			);
			defaultConfigurationIsVisible = 0;
			defaultConfigurationName = Release;
		};
/* End XCConfigurationList section */
	};
	rootObject = 198EE6821B40F728001A7BF2 /* Project object */;
}
